{
  "name": "web",
  "version": "1.0.0",
  "lockfileVersion": 1,
  "requires": true,
  "dependencies": {
    "lib_a": {
      "version": "file:local_modules/lib_a-1.0.0.tgz",
      "integrity": "sha512-rtIrcqTvXMfKpzHyJnSJDxWqbTyc3hzeI6ujldL+OaoP7zlDKXtmig8gwb2hboj+HvYaUKmull/5IKSggEu6zw=="
    },
    "lib_b": {
      "version": "file:local_modules/lib_b-1.0.0.tgz",
      "integrity": "sha512-/2yL8p73pEo7JCWihJHEKKy5klkTS/cIKRNR9iN0NKLhzpRcHJBkfkxveOwabDO/SIHYGamcqCsdzpB+6nd3VQ=="
    }
  }
}
